
Microsoft Visual Studio Solution File, Format Version 12.00
# Visual Studio Version 17
VisualStudioVersion = 17.8.34330.188
MinimumVisualStudioVersion = 10.0.40219.1
Project("{FAE04EC0-301F-11D3-BF4B-00C04F79EFBC}") = "FarvUI", "FarvUI\FarvUI.csproj", "{E9F87F22-E284-4DD8-B085-B5FDEC45F765}"
EndProject
Project("{FAE04EC0-301F-11D3-BF4B-00C04F79EFBC}") = "FarvUI.Tests", "FarvUI.Tests\FarvUI.Tests.csproj", "{6AFF4C63-296E-4DD3-AEE7-E2AFF5568A5E}"
EndProject
Global
	GlobalSection(SolutionConfigurationPlatforms) = preSolution
		Debug|Any CPU = Debug|Any CPU
		Release|Any CPU = Release|Any CPU
	EndGlobalSection
	GlobalSection(ProjectConfigurationPlatforms) = postSolution
		{E9F87F22-E284-4DD8-B085-B5FDEC45F765}.Debug|Any CPU.ActiveCfg = Debug|Any CPU
		{E9F87F22-E284-4DD8-B085-B5FDEC45F765}.Debug|Any CPU.Build.0 = Debug|Any CPU
		{E9F87F22-E284-4DD8-B085-B5FDEC45F765}.Release|Any CPU.ActiveCfg = Release|Any CPU
		{E9F87F22-E284-4DD8-B085-B5FDEC45F765}.Release|Any CPU.Build.0 = Release|Any CPU
		{6AFF4C63-296E-4DD3-AEE7-E2AFF5568A5E}.Debug|Any CPU.ActiveCfg = Debug|Any CPU
		{6AFF4C63-296E-4DD3-AEE7-E2AFF5568A5E}.Debug|Any CPU.Build.0 = Debug|Any CPU
		{6AFF4C63-296E-4DD3-AEE7-E2AFF5568A5E}.Release|Any CPU.ActiveCfg = Release|Any CPU
		{6AFF4C63-296E-4DD3-AEE7-E2AFF5568A5E}.Release|Any CPU.Build.0 = Release|Any CPU
	EndGlobalSection
	GlobalSection(SolutionProperties) = preSolution
		HideSolutionNode = FALSE
	EndGlobalSection
	GlobalSection(ExtensibilityGlobals) = postSolution
		SolutionGuid = {E548EA0D-2C1E-450C-9337-16A6371AEA78}
	EndGlobalSection
EndGlobal
